
Microsoft Visual Studio Solution File, Format Version 12.00
# Visual Studio Version 17
VisualStudioVersion = 17.6.33829.357
MinimumVisualStudioVersion = 10.0.40219.1
Project("{FAE04EC0-301F-11D3-BF4B-00C04F79EFBC}") = "NewTalents", "NewTalents\NewTalents.csproj", "{63BDEE41-8BF3-434D-979C-492BE1A1ED04}"
EndProject
Project("{FAE04EC0-301F-11D3-BF4B-00C04F79EFBC}") = "TestNewTalents", "TestNewTalents\TestNewTalents.csproj", "{A13614EC-2737-4D7A-BBAB-24D54608B506}"
EndProject
Global
	GlobalSection(SolutionConfigurationPlatforms) = preSolution
		Debug|Any CPU = Debug|Any CPU
		Release|Any CPU = Release|Any CPU
	EndGlobalSection
	GlobalSection(ProjectConfigurationPlatforms) = postSolution
		{63BDEE41-8BF3-434D-979C-492BE1A1ED04}.Debug|Any CPU.ActiveCfg = Debug|Any CPU
		{63BDEE41-8BF3-434D-979C-492BE1A1ED04}.Debug|Any CPU.Build.0 = Debug|Any CPU
		{63BDEE41-8BF3-434D-979C-492BE1A1ED04}.Release|Any CPU.ActiveCfg = Release|Any CPU
		{63BDEE41-8BF3-434D-979C-492BE1A1ED04}.Release|Any CPU.Build.0 = Release|Any CPU
		{A13614EC-2737-4D7A-BBAB-24D54608B506}.Debug|Any CPU.ActiveCfg = Debug|Any CPU
		{A13614EC-2737-4D7A-BBAB-24D54608B506}.Debug|Any CPU.Build.0 = Debug|Any CPU
		{A13614EC-2737-4D7A-BBAB-24D54608B506}.Release|Any CPU.ActiveCfg = Release|Any CPU
		{A13614EC-2737-4D7A-BBAB-24D54608B506}.Release|Any CPU.Build.0 = Release|Any CPU
	EndGlobalSection
	GlobalSection(SolutionProperties) = preSolution
		HideSolutionNode = FALSE
	EndGlobalSection
	GlobalSection(ExtensibilityGlobals) = postSolution
		SolutionGuid = {EFF41961-A5C6-4E49-9FBD-C6D05138563B}
	EndGlobalSection
EndGlobal
